
Microsoft Visual Studio Solution File, Format Version 12.00
# Visual Studio 15
VisualStudioVersion = 15.0.28307.1022
MinimumVisualStudioVersion = 10.0.40219.1
Project("{FAE04EC0-301F-11D3-BF4B-00C04F79EFBC}") = "GithubDemo", "GithubDemo\GithubDemo.csproj", "{70E7F01D-9181-4678-8C48-E9D920C46065}"
EndProject
Global
	GlobalSection(SolutionConfigurationPlatforms) = preSolution
		Debug|Any CPU = Debug|Any CPU
		Release|Any CPU = Release|Any CPU
	EndGlobalSection
	GlobalSection(ProjectConfigurationPlatforms) = postSolution
		{70E7F01D-9181-4678-8C48-E9D920C46065}.Debug|Any CPU.ActiveCfg = Debug|Any CPU
		{70E7F01D-9181-4678-8C48-E9D920C46065}.Debug|Any CPU.Build.0 = Debug|Any CPU
		{70E7F01D-9181-4678-8C48-E9D920C46065}.Release|Any CPU.ActiveCfg = Release|Any CPU
		{70E7F01D-9181-4678-8C48-E9D920C46065}.Release|Any CPU.Build.0 = Release|Any CPU
	EndGlobalSection
	GlobalSection(SolutionProperties) = preSolution
		HideSolutionNode = FALSE
	EndGlobalSection
	GlobalSection(ExtensibilityGlobals) = postSolution
		SolutionGuid = {1AB837B6-63CF-411A-92D4-39743A78D9CB}
	EndGlobalSection
EndGlobal
